
Microsoft Visual Studio Solution File, Format Version 12.00
# Visual Studio 2013
VisualStudioVersion = 12.0.31101.0
MinimumVisualStudioVersion = 10.0.40219.1
Project("{FAE04EC0-301F-11D3-BF4B-00C04F79EFBC}") = "WebPage", "wkmvc\WebPage.csproj", "{349CDD53-FD46-4212-B23F-36D230DECF9B}"
EndProject
Project("{2150E333-8FDC-42A3-9474-1A3956D46DE8}") = "应用程序", "应用程序", "{165E096B-0B88-4FCA-9A9D-09F444D485E4}"
EndProject
Project("{2150E333-8FDC-42A3-9474-1A3956D46DE8}") = "应用服务", "应用服务", "{02044B0A-ECF7-4F39-B12B-7992B1B9E8F8}"
EndProject
Project("{2150E333-8FDC-42A3-9474-1A3956D46DE8}") = "应用类库", "应用类库", "{CCC026DE-544A-4AFC-AADE-6593B3280D02}"
EndProject
Project("{FAE04EC0-301F-11D3-BF4B-00C04F79EFBC}") = "Domain", "Domain\Domain.csproj", "{42B9A1DC-F0AA-4AE5-8105-BD76414DD8EF}"
EndProject
Project("{FAE04EC0-301F-11D3-BF4B-00C04F79EFBC}") = "Service", "Service\Service.csproj", "{36E73FB4-602F-40F5-9795-66F089DED421}"
EndProject
Project("{FAE04EC0-301F-11D3-BF4B-00C04F79EFBC}") = "Common", "Common\Common.csproj", "{7B437B7C-D914-4EC9-AAB0-42A6C5CDFE20}"
EndProject
Global
	GlobalSection(SolutionConfigurationPlatforms) = preSolution
		Debug|Any CPU = Debug|Any CPU
		Release|Any CPU = Release|Any CPU
	EndGlobalSection
	GlobalSection(ProjectConfigurationPlatforms) = postSolution
		{349CDD53-FD46-4212-B23F-36D230DECF9B}.Debug|Any CPU.ActiveCfg = Debug|Any CPU
		{349CDD53-FD46-4212-B23F-36D230DECF9B}.Debug|Any CPU.Build.0 = Debug|Any CPU
		{349CDD53-FD46-4212-B23F-36D230DECF9B}.Release|Any CPU.ActiveCfg = Release|Any CPU
		{349CDD53-FD46-4212-B23F-36D230DECF9B}.Release|Any CPU.Build.0 = Release|Any CPU
		{42B9A1DC-F0AA-4AE5-8105-BD76414DD8EF}.Debug|Any CPU.ActiveCfg = Debug|Any CPU
		{42B9A1DC-F0AA-4AE5-8105-BD76414DD8EF}.Debug|Any CPU.Build.0 = Debug|Any CPU
		{42B9A1DC-F0AA-4AE5-8105-BD76414DD8EF}.Release|Any CPU.ActiveCfg = Release|Any CPU
		{42B9A1DC-F0AA-4AE5-8105-BD76414DD8EF}.Release|Any CPU.Build.0 = Release|Any CPU
		{36E73FB4-602F-40F5-9795-66F089DED421}.Debug|Any CPU.ActiveCfg = Debug|Any CPU
		{36E73FB4-602F-40F5-9795-66F089DED421}.Debug|Any CPU.Build.0 = Debug|Any CPU
		{36E73FB4-602F-40F5-9795-66F089DED421}.Release|Any CPU.ActiveCfg = Release|Any CPU
		{36E73FB4-602F-40F5-9795-66F089DED421}.Release|Any CPU.Build.0 = Release|Any CPU
		{7B437B7C-D914-4EC9-AAB0-42A6C5CDFE20}.Debug|Any CPU.ActiveCfg = Debug|Any CPU
		{7B437B7C-D914-4EC9-AAB0-42A6C5CDFE20}.Debug|Any CPU.Build.0 = Debug|Any CPU
		{7B437B7C-D914-4EC9-AAB0-42A6C5CDFE20}.Release|Any CPU.ActiveCfg = Release|Any CPU
		{7B437B7C-D914-4EC9-AAB0-42A6C5CDFE20}.Release|Any CPU.Build.0 = Release|Any CPU
	EndGlobalSection
	GlobalSection(SolutionProperties) = preSolution
		HideSolutionNode = FALSE
	EndGlobalSection
	GlobalSection(NestedProjects) = preSolution
		{349CDD53-FD46-4212-B23F-36D230DECF9B} = {165E096B-0B88-4FCA-9A9D-09F444D485E4}
		{42B9A1DC-F0AA-4AE5-8105-BD76414DD8EF} = {02044B0A-ECF7-4F39-B12B-7992B1B9E8F8}
		{36E73FB4-602F-40F5-9795-66F089DED421} = {02044B0A-ECF7-4F39-B12B-7992B1B9E8F8}
		{7B437B7C-D914-4EC9-AAB0-42A6C5CDFE20} = {CCC026DE-544A-4AFC-AADE-6593B3280D02}
	EndGlobalSection
EndGlobal
